
Microsoft Visual Studio Solution File, Format Version 12.00
# Visual Studio Version 17
VisualStudioVersion = 17.6.33815.320
MinimumVisualStudioVersion = 10.0.40219.1
Project("{FAE04EC0-301F-11D3-BF4B-00C04F79EFBC}") = "HashTable", "HashTable\HashTable.csproj", "{7732690B-14D3-43F8-8849-DDD786D9B1FD}"
EndProject
Global
	GlobalSection(SolutionConfigurationPlatforms) = preSolution
		Debug|Any CPU = Debug|Any CPU
		Release|Any CPU = Release|Any CPU
	EndGlobalSection
	GlobalSection(ProjectConfigurationPlatforms) = postSolution
		{7732690B-14D3-43F8-8849-DDD786D9B1FD}.Debug|Any CPU.ActiveCfg = Debug|Any CPU
		{7732690B-14D3-43F8-8849-DDD786D9B1FD}.Debug|Any CPU.Build.0 = Debug|Any CPU
		{7732690B-14D3-43F8-8849-DDD786D9B1FD}.Release|Any CPU.ActiveCfg = Release|Any CPU
		{7732690B-14D3-43F8-8849-DDD786D9B1FD}.Release|Any CPU.Build.0 = Release|Any CPU
	EndGlobalSection
	GlobalSection(SolutionProperties) = preSolution
		HideSolutionNode = FALSE
	EndGlobalSection
	GlobalSection(ExtensibilityGlobals) = postSolution
		SolutionGuid = {B7443E76-047E-4051-B6EA-991955A0DBC8}
	EndGlobalSection
EndGlobal
